{
  "nodes": {
    "agenix": {
      "inputs": {
        "nixpkgs": [
          "nixos"
        ]
      },
      "locked": {
        "lastModified": 1620877075,
        "narHash": "sha256-XvgTqtmQZHegu9UMDSR50gK5cHEM2gbnRH0qecmdN54=",
        "owner": "ryantm",
        "repo": "agenix",
        "rev": "e543aa7d68f222e1e771165da9e9a64b5bf7b3e3",
        "type": "github"
      },
      "original": {
        "owner": "ryantm",
        "repo": "agenix",
        "type": "github"
      }
    },
    "blank": {
      "locked": {
        "lastModified": 1625557891,
        "narHash": "sha256-O8/MWsPBGhhyPoPLHZAuoZiiHo9q6FLlEeIDEXuj6T4=",
        "owner": "divnix",
        "repo": "blank",
        "rev": "5a5d2684073d9f563072ed07c871d577a6c614a8",
        "type": "github"
      },
      "original": {
        "owner": "divnix",
        "repo": "blank",
        "type": "github"
      }
    },
    "bud": {
      "inputs": {
        "devshell": "devshell",
        "nixpkgs": "nixpkgs"
      },
      "locked": {
        "lastModified": 1625703505,
        "narHash": "sha256-PNtHOR5wp3R/cysCHTIFcxCHHuisljbrS6iNyP/Ivfk=",
        "owner": "divnix",
        "repo": "bud",
        "rev": "baefc56e5819375736b51e93df9e2154a120ea3d",
        "type": "github"
      },
      "original": {
        "owner": "divnix",
        "repo": "bud",
        "type": "github"
      }
    },
    "ci-agent": {
      "inputs": {
        "flake-compat": "flake-compat",
        "nix-darwin": [
          "darwin"
        ],
        "nixos-20_09": [
          "nixos"
        ],
        "nixos-unstable": [
          "latest"
        ],
        "pre-commit-hooks-nix": "pre-commit-hooks-nix"
      },
      "locked": {
        "lastModified": 1626066948,
        "narHash": "sha256-rBo4nCPyAHb1e/9ysYGH7tW1FV0N2XNvRcJR+g8gugA=",
        "owner": "hercules-ci",
        "repo": "hercules-ci-agent",
        "rev": "7f3265cc42d5f364066c145939ee2812938b991c",
        "type": "github"
      },
      "original": {
        "owner": "hercules-ci",
        "repo": "hercules-ci-agent",
        "type": "github"
      }
    },
    "darwin": {
      "inputs": {
        "nixpkgs": [
          "nixos"
        ]
      },
      "locked": {
        "lastModified": 1622060422,
        "narHash": "sha256-hPVlvrAyf6zL7tTx0lpK+tMxEfZeMiIZ/A2xaJ41WOY=",
        "owner": "LnL7",
        "repo": "nix-darwin",
        "rev": "007d700e644ac588ad6668e6439950a5b6e2ff64",
        "type": "github"
      },
      "original": {
        "owner": "LnL7",
        "repo": "nix-darwin",
        "type": "github"
      }
    },
    "deploy": {
      "inputs": {
        "flake-compat": "flake-compat_2",
        "naersk": "naersk",
        "nixpkgs": [
          "nixos"
        ],
        "utils": "utils"
      },
      "locked": {
        "lastModified": 1625729093,
        "narHash": "sha256-hpo8T7mlVEpHpZIYqhxqt5i/XY8eu4p66MrAg/MCuVY=",
        "owner": "serokell",
        "repo": "deploy-rs",
        "rev": "587cbcfe8d3ea05c5bb153764d3617012ef28c86",
        "type": "github"
      },
      "original": {
        "owner": "serokell",
        "repo": "deploy-rs",
        "type": "github"
      }
    },
    "devshell": {
      "locked": {
        "lastModified": 1625086391,
        "narHash": "sha256-IpNPv1v8s4L3CoxhwcgZIitGpcrnNgnj09X7TA0QV3k=",
        "owner": "numtide",
        "repo": "devshell",
        "rev": "4b5ac7cf7d9a1cc60b965bb51b59922f2210cbc7",
        "type": "github"
      },
      "original": {
        "owner": "numtide",
        "repo": "devshell",
        "type": "github"
      }
    },
    "devshell_2": {
      "locked": {
        "lastModified": 1625086391,
        "narHash": "sha256-IpNPv1v8s4L3CoxhwcgZIitGpcrnNgnj09X7TA0QV3k=",
        "owner": "numtide",
        "repo": "devshell",
        "rev": "4b5ac7cf7d9a1cc60b965bb51b59922f2210cbc7",
        "type": "github"
      },
      "original": {
        "owner": "numtide",
        "repo": "devshell",
        "type": "github"
      }
    },
    "digga": {
      "inputs": {
        "blank": "blank",
        "deploy": [
          "deploy"
        ],
        "devshell": "devshell_2",
        "flake-utils": "flake-utils",
        "nixlib": [
          "nixos"
        ],
        "nixos-generators": [
          "latest"
        ],
        "nixpkgs": "nixpkgs_2",
        "utils": [
          "utils"
        ]
      },
      "locked": {
        "lastModified": 1626404753,
        "narHash": "sha256-Ag/e7tecRg19FS+B5kKXu3KTwiNlM/C8saofKvYPC8A=",
        "owner": "divnix",
        "repo": "digga",
        "rev": "ed0dc961c121db31ac05d19937e1482ce55ff599",
        "type": "github"
      },
      "original": {
        "owner": "divnix",
        "ref": "develop",
        "repo": "digga",
        "type": "github"
      }
    },
    "flake-compat": {
      "flake": false,
      "locked": {
        "lastModified": 1606424373,
        "narHash": "sha256-oq8d4//CJOrVj+EcOaSXvMebvuTkmBJuT5tzlfewUnQ=",
        "owner": "edolstra",
        "repo": "flake-compat",
        "rev": "99f1c2157fba4bfe6211a321fd0ee43199025dbf",
        "type": "github"
      },
      "original": {
        "owner": "edolstra",
        "repo": "flake-compat",
        "type": "github"
      }
    },
    "flake-compat_2": {
      "flake": false,
      "locked": {
        "lastModified": 1606424373,
        "narHash": "sha256-oq8d4//CJOrVj+EcOaSXvMebvuTkmBJuT5tzlfewUnQ=",
        "owner": "edolstra",
        "repo": "flake-compat",
        "rev": "99f1c2157fba4bfe6211a321fd0ee43199025dbf",
        "type": "github"
      },
      "original": {
        "owner": "edolstra",
        "repo": "flake-compat",
        "type": "github"
      }
    },
    "flake-compat_3": {
      "flake": false,
      "locked": {
        "lastModified": 1606424373,
        "narHash": "sha256-oq8d4//CJOrVj+EcOaSXvMebvuTkmBJuT5tzlfewUnQ=",
        "owner": "edolstra",
        "repo": "flake-compat",
        "rev": "99f1c2157fba4bfe6211a321fd0ee43199025dbf",
        "type": "github"
      },
      "original": {
        "owner": "edolstra",
        "repo": "flake-compat",
        "type": "github"
      }
    },
    "flake-utils": {
      "locked": {
        "lastModified": 1623875721,
        "narHash": "sha256-A8BU7bjS5GirpAUv4QA+QnJ4CceLHkcXdRp4xITDB0s=",
        "owner": "numtide",
        "repo": "flake-utils",
        "rev": "f7e004a55b120c02ecb6219596820fcd32ca8772",
        "type": "github"
      },
      "original": {
        "owner": "numtide",
        "repo": "flake-utils",
        "type": "github"
      }
    },
    "flake-utils_2": {
      "locked": {
        "lastModified": 1623875721,
        "narHash": "sha256-A8BU7bjS5GirpAUv4QA+QnJ4CceLHkcXdRp4xITDB0s=",
        "owner": "numtide",
        "repo": "flake-utils",
        "rev": "f7e004a55b120c02ecb6219596820fcd32ca8772",
        "type": "github"
      },
      "original": {
        "owner": "numtide",
        "repo": "flake-utils",
        "type": "github"
      }
    },
    "flake-utils_3": {
      "locked": {
        "lastModified": 1623875721,
        "narHash": "sha256-A8BU7bjS5GirpAUv4QA+QnJ4CceLHkcXdRp4xITDB0s=",
        "owner": "numtide",
        "repo": "flake-utils",
        "rev": "f7e004a55b120c02ecb6219596820fcd32ca8772",
        "type": "github"
      },
      "original": {
        "owner": "numtide",
        "repo": "flake-utils",
        "type": "github"
      }
    },
    "flake-utils_4": {
      "locked": {
        "lastModified": 1614513358,
        "narHash": "sha256-LakhOx3S1dRjnh0b5Dg3mbZyH0ToC9I8Y2wKSkBaTzU=",
        "owner": "numtide",
        "repo": "flake-utils",
        "rev": "5466c5bbece17adaab2d82fae80b46e807611bf3",
        "type": "github"
      },
      "original": {
        "owner": "numtide",
        "repo": "flake-utils",
        "type": "github"
      }
    },
    "home": {
      "inputs": {
        "nixpkgs": [
          "nixos"
        ]
      },
      "locked": {
        "lastModified": 1624228557,
        "narHash": "sha256-wwOqe73BsrXfRv1PhyXQFNC8iTET50KvE/HitdkRgxs=",
        "owner": "nix-community",
        "repo": "home-manager",
        "rev": "35a24648d155843a4d162de98c17b1afd5db51e4",
        "type": "github"
      },
      "original": {
        "owner": "nix-community",
        "ref": "release-21.05",
        "repo": "home-manager",
        "type": "github"
      }
    },
    "impermanence": {
      "flake": false,
      "locked": {
        "lastModified": 1611747548,
        "narHash": "sha256-2z5wmWda1uI4IkTZrW52jiHq3bzhYLc+GgjvaSd544M=",
        "owner": "nix-community",
        "repo": "impermanence",
        "rev": "58558845bc68dcf2bb32caa80564f7fe3f6cbc61",
        "type": "github"
      },
      "original": {
        "owner": "nix-community",
        "repo": "impermanence",
        "type": "github"
      }
    },
    "latest": {
      "locked": {
        "lastModified": 1625905697,
        "narHash": "sha256-gM4sBtguedJrQorU+YzT64/yTdm8Dzyzk4zHfhVqwFc=",
        "path": "/nix/store/p0n2d9swr2xc5iww1f32g83q7bkl2vld-source",
        "rev": "54db964a8b8505d0ea2b0c6dee9e6e51bf05246c",
        "type": "path"
      },
      "original": {
        "id": "nixpkgs",
        "type": "indirect"
      }
    },
    "naersk": {
      "inputs": {
        "nixpkgs": [
          "nixpkgs"
        ]
      },
      "locked": {
        "lastModified": 1622810282,
        "narHash": "sha256-4wmvM3/xfD0hCdNDIXVzRMfL4yB1J+DjH6Zte2xbAxk=",
        "owner": "nmattia",
        "repo": "naersk",
        "rev": "e8061169e1495871b56be97c5c51d310fae01374",
        "type": "github"
      },
      "original": {
        "owner": "nmattia",
        "ref": "master",
        "repo": "naersk",
        "type": "github"
      }
    },
    "nixos": {
      "locked": {
        "lastModified": 1626395775,
        "narHash": "sha256-7Uo+4PIQGirfd7WfFuRuspLCyDT7eUn6pnJx/CL9UC8=",
        "owner": "NixOS",
        "repo": "nixpkgs",
        "rev": "a165aeceda9f9741d15bc2488425daeb06c0707e",
        "type": "github"
      },
      "original": {
        "id": "nixpkgs",
        "ref": "release-21.05",
        "type": "indirect"
      }
    },
    "nixos-hardware": {
      "locked": {
        "lastModified": 1625333638,
        "narHash": "sha256-M6J9RN60XJyv6nUfDFCwnz5aVjhe8+GJnV8Q9VpdQQQ=",
        "owner": "nixos",
        "repo": "nixos-hardware",
        "rev": "41775780a0b6b32b3d32dcc32bb9bc6df809062d",
        "type": "github"
      },
      "original": {
        "owner": "nixos",
        "repo": "nixos-hardware",
        "type": "github"
      }
    },
    "nixpkgs": {
      "locked": {
        "lastModified": 1624831744,
        "narHash": "sha256-gGSxxnWnXRALLKfStsG3C4X+XUzAkHlKx02xHzkGZio=",
        "owner": "NixOS",
        "repo": "nixpkgs",
        "rev": "dbf5cd2d90cbf8b281c1938632b431d1e61d3249",
        "type": "github"
      },
      "original": {
        "id": "nixpkgs",
        "type": "indirect"
      }
    },
    "nixpkgs_2": {
      "locked": {
        "lastModified": 1625545638,
        "narHash": "sha256-kulFW0CPPvHOJEqN13Y5X3uR1vla0qLCLmxTdq2Seu8=",
        "owner": "nixos",
        "repo": "nixpkgs",
        "rev": "d3ebf03151a2857272006b54ba5f4b88e3354f02",
        "type": "github"
      },
      "original": {
        "owner": "nixos",
        "ref": "release-21.05",
        "repo": "nixpkgs",
        "type": "github"
      }
    },
    "nur": {
      "locked": {
        "lastModified": 1626415317,
        "narHash": "sha256-8egdw1myFkD5ve/wSGnbU7r7+/13uH/ZG/LQdc5hs2I=",
        "owner": "nix-community",
        "repo": "NUR",
        "rev": "5bd21aa6fa87f2cc2e6f8b41789ff4d9db2c6f0f",
        "type": "github"
      },
      "original": {
        "owner": "nix-community",
        "repo": "NUR",
        "type": "github"
      }
    },
    "nvfetcher": {
      "inputs": {
        "flake-compat": "flake-compat_3",
        "flake-utils": "flake-utils_3",
        "nixpkgs": [
          "latest"
        ]
      },
      "locked": {
        "lastModified": 1626070014,
        "narHash": "sha256-ZwoMTgc8L4Amu8tlB2t+RMllUM8XsjS84Qtp04hrssw=",
        "owner": "berberman",
        "repo": "nvfetcher",
        "rev": "878d448e2f385f7b0fd1536320d4fa9f201f6d70",
        "type": "github"
      },
      "original": {
        "owner": "berberman",
        "repo": "nvfetcher",
        "type": "github"
      }
    },
    "pre-commit-hooks-nix": {
      "flake": false,
      "locked": {
        "lastModified": 1622650193,
        "narHash": "sha256-qSzUpJDv04ajS9FXoCq6NjVF3qOt9IiGIiGh0P8amyw=",
        "owner": "cachix",
        "repo": "pre-commit-hooks.nix",
        "rev": "0398f0649e0a741660ac5e8216760bae5cc78579",
        "type": "github"
      },
      "original": {
        "owner": "cachix",
        "repo": "pre-commit-hooks.nix",
        "type": "github"
      }
    },
    "root": {
      "inputs": {
        "agenix": "agenix",
        "bud": "bud",
        "ci-agent": "ci-agent",
        "darwin": "darwin",
        "deploy": "deploy",
        "digga": "digga",
        "flake-utils": "flake-utils_2",
        "home": "home",
        "impermanence": "impermanence",
        "latest": "latest",
        "nixos": "nixos",
        "nixos-hardware": "nixos-hardware",
        "nixpkgs": [
          "nixos"
        ],
        "nur": "nur",
        "nvfetcher": "nvfetcher",
        "rust": "rust",
        "utils": "utils_2"
      }
    },
    "rust": {
      "inputs": {
        "flake-utils": "flake-utils_4",
        "nixpkgs": [
          "nixos"
        ]
      },
      "locked": {
        "lastModified": 1626401739,
        "narHash": "sha256-9RrDEk2FqRUQOsU9XmeKGkeOGxfl3F4jgpSsFVucey0=",
        "owner": "oxalica",
        "repo": "rust-overlay",
        "rev": "93b64a0550425b393b73d95dc45d82295f7c5d9b",
        "type": "github"
      },
      "original": {
        "owner": "oxalica",
        "repo": "rust-overlay",
        "type": "github"
      }
    },
    "utils": {
      "locked": {
        "lastModified": 1622445595,
        "narHash": "sha256-m+JRe6Wc5OZ/mKw2bB3+Tl0ZbtyxxxfnAWln8Q5qs+Y=",
        "owner": "numtide",
        "repo": "flake-utils",
        "rev": "7d706970d94bc5559077eb1a6600afddcd25a7c8",
        "type": "github"
      },
      "original": {
        "owner": "numtide",
        "repo": "flake-utils",
        "type": "github"
      }
    },
    "utils_2": {
      "inputs": {
        "flake-utils": [
          "flake-utils"
        ]
      },
      "locked": {
        "lastModified": 1626288344,
        "narHash": "sha256-TioHDqWJkw37jjx4DVrH6LCzwrUfAqXbWl4rKR91fpA=",
        "owner": "gytis-ivaskevicius",
        "repo": "flake-utils-plus",
        "rev": "5c6ee69f6957afc2fe22c094717d6d78516418b5",
        "type": "github"
      },
      "original": {
        "owner": "gytis-ivaskevicius",
        "ref": "staging",
        "repo": "flake-utils-plus",
        "type": "github"
      }
    }
  },
  "root": "root",
  "version": 7
}
