{
  "nodes": {
    "cachix": {
      "locked": {
        "lastModified": 1618258464,
        "narHash": "sha256-pOnRc1lXouE8MTRB2M7TuQrcqWIPJV/iunc7FL4EIEo=",
        "owner": "nixos",
        "repo": "nixpkgs",
        "rev": "cce26cd83d20356ee96ac9cf1de748e87fcc50b5",
        "type": "github"
      },
      "original": {
        "owner": "nixos",
        "ref": "nixos-20.09",
        "repo": "nixpkgs",
        "type": "github"
      }
    },
    "flake-compat": {
      "flake": false,
      "locked": {
        "lastModified": 1606424373,
        "narHash": "sha256-oq8d4//CJOrVj+EcOaSXvMebvuTkmBJuT5tzlfewUnQ=",
        "owner": "edolstra",
        "repo": "flake-compat",
        "rev": "99f1c2157fba4bfe6211a321fd0ee43199025dbf",
        "type": "github"
      },
      "original": {
        "owner": "edolstra",
        "repo": "flake-compat",
        "type": "github"
      }
    },
    "flake-utils": {
      "locked": {
        "lastModified": 1618217525,
        "narHash": "sha256-WGrhVczjXTiswQaoxQ+0PTfbLNeOQM6M36zvLn78AYg=",
        "owner": "numtide",
        "repo": "flake-utils",
        "rev": "c6169a2772643c4a93a0b5ac1c61e296cba68544",
        "type": "github"
      },
      "original": {
        "owner": "numtide",
        "repo": "flake-utils",
        "type": "github"
      }
    },
    "flake-utils_2": {
      "locked": {
        "lastModified": 1609246779,
        "narHash": "sha256-eq6ZXE/VWo3EMC65jmIT6H/rrUc9UWOWVujkzav025k=",
        "owner": "numtide",
        "repo": "flake-utils",
        "rev": "08c7ad4a0844adc4a7f9f5bb3beae482e789afa4",
        "type": "github"
      },
      "original": {
        "owner": "numtide",
        "repo": "flake-utils",
        "type": "github"
      }
    },
    "flake-utils_3": {
      "locked": {
        "lastModified": 1614513358,
        "narHash": "sha256-LakhOx3S1dRjnh0b5Dg3mbZyH0ToC9I8Y2wKSkBaTzU=",
        "owner": "numtide",
        "repo": "flake-utils",
        "rev": "5466c5bbece17adaab2d82fae80b46e807611bf3",
        "type": "github"
      },
      "original": {
        "owner": "numtide",
        "repo": "flake-utils",
        "type": "github"
      }
    },
    "gitignore": {
      "flake": false,
      "locked": {
        "lastModified": 1611672876,
        "narHash": "sha256-qHu3uZ/o9jBHiA3MEKHJ06k7w4heOhA+4HCSIvflRxo=",
        "owner": "hercules-ci",
        "repo": "gitignore.nix",
        "rev": "211907489e9f198594c0eb0ca9256a1949c9d412",
        "type": "github"
      },
      "original": {
        "owner": "hercules-ci",
        "repo": "gitignore.nix",
        "type": "github"
      }
    },
    "home-manager": {
      "inputs": {
        "nixpkgs": [
          "nixpkgs"
        ]
      },
      "locked": {
        "lastModified": 1618177587,
        "narHash": "sha256-9y5Y7YK2W+kzXBrYkrw964xWbo2O4m5A91PohkyGkj8=",
        "owner": "nix-community",
        "repo": "home-manager",
        "rev": "0a6227d667d1d2bc6a79de24fd12becc523f2e2f",
        "type": "github"
      },
      "original": {
        "owner": "nix-community",
        "repo": "home-manager",
        "type": "github"
      }
    },
    "impermanence": {
      "flake": false,
      "locked": {
        "lastModified": 1611747548,
        "narHash": "sha256-2z5wmWda1uI4IkTZrW52jiHq3bzhYLc+GgjvaSd544M=",
        "owner": "nix-community",
        "repo": "impermanence",
        "rev": "58558845bc68dcf2bb32caa80564f7fe3f6cbc61",
        "type": "github"
      },
      "original": {
        "owner": "nix-community",
        "repo": "impermanence",
        "type": "github"
      }
    },
    "mozilla": {
      "flake": false,
      "locked": {
        "lastModified": 1603906276,
        "narHash": "sha256-RsNPnEKd7BcogwkqhaV5kI/HuNC4flH/OQCC/4W5y/8=",
        "owner": "mozilla",
        "repo": "nixpkgs-mozilla",
        "rev": "8c007b60731c07dd7a052cce508de3bb1ae849b4",
        "type": "github"
      },
      "original": {
        "owner": "mozilla",
        "repo": "nixpkgs-mozilla",
        "type": "github"
      }
    },
    "naersk": {
      "inputs": {
        "nixpkgs": [
          "nixpkgs"
        ]
      },
      "locked": {
        "lastModified": 1618068541,
        "narHash": "sha256-enxg0QB53Zis0VJWfJsrX7zCjurpi7lW78EKXbJdzpQ=",
        "owner": "nmattia",
        "repo": "naersk",
        "rev": "b3b099d669fc8b18d361c249091c9fe95d57ebbb",
        "type": "github"
      },
      "original": {
        "owner": "nmattia",
        "repo": "naersk",
        "type": "github"
      }
    },
    "neovim-nightly": {
      "inputs": {
        "flake-compat": "flake-compat",
        "flake-utils": "flake-utils",
        "gitignore": "gitignore",
        "neovim-nightly": "neovim-nightly_2",
        "nixpkgs": "nixpkgs",
        "pre-commit-hooks": "pre-commit-hooks"
      },
      "locked": {
        "lastModified": 1618301970,
        "narHash": "sha256-XkbkOddk/65JWcrIiyJL9p4awICIu/KP2zVionTbIVo=",
        "owner": "nix-community",
        "repo": "neovim-nightly-overlay",
        "rev": "dad48e1edca040a68c51c1433606b57cfdf027dc",
        "type": "github"
      },
      "original": {
        "owner": "nix-community",
        "repo": "neovim-nightly-overlay",
        "type": "github"
      }
    },
    "neovim-nightly_2": {
      "flake": false,
      "locked": {
        "lastModified": 1618253465,
        "narHash": "sha256-Q9phy1SmqpKQ68JJXKo6DvHqp0WkQcPvESTPANozYFg=",
        "owner": "neovim",
        "repo": "neovim",
        "rev": "4a36ec6da029269a8bac3aa0a25fa43ad4b988b2",
        "type": "github"
      },
      "original": {
        "owner": "neovim",
        "repo": "neovim",
        "type": "github"
      }
    },
    "nix-misc": {
      "inputs": {
        "nixpkgs": [
          "nixpkgs"
        ]
      },
      "locked": {
        "lastModified": 1596783463,
        "narHash": "sha256-Fucbc/QUYrDBFRo1aau59Qe8feHhru76vaNLWpWQelI=",
        "owner": "johnae",
        "repo": "nix-misc",
        "rev": "0da4fdf62e9273205c8c773101ad36fc67215d87",
        "type": "github"
      },
      "original": {
        "owner": "johnae",
        "repo": "nix-misc",
        "type": "github"
      }
    },
    "nixos-hardware": {
      "locked": {
        "lastModified": 1617690895,
        "narHash": "sha256-5TUizPI+ibn/LBzevTIIyIZ1XeLl3HU0PTRk7H6AKTQ=",
        "owner": "nixos",
        "repo": "nixos-hardware",
        "rev": "7c00c8b5cab5dedb6519eabba7ca6d069e2dfdae",
        "type": "github"
      },
      "original": {
        "owner": "nixos",
        "repo": "nixos-hardware",
        "type": "github"
      }
    },
    "nixpkgs": {
      "locked": {
        "lastModified": 1618260938,
        "narHash": "sha256-sRIKbJKplnAY9uN4QGGVtq4dasRKzmZhjleCUtPvTa8=",
        "owner": "nixos",
        "repo": "nixpkgs",
        "rev": "e8893cc489de8ffbe8125fb0d37f05e8023a2d99",
        "type": "github"
      },
      "original": {
        "owner": "nixos",
        "ref": "nixpkgs-unstable",
        "repo": "nixpkgs",
        "type": "github"
      }
    },
    "nixpkgs-unstable": {
      "locked": {
        "lastModified": 1618324968,
        "narHash": "sha256-AWMYD/xSH/oZa25PRdKCi7NCEs5EhAhFz2UqtiEsWVU=",
        "owner": "NixOS",
        "repo": "nixpkgs",
        "rev": "b0ccb3aea9757881f2b4af87494c6168596c3e54",
        "type": "github"
      },
      "original": {
        "id": "nixpkgs",
        "ref": "master",
        "type": "indirect"
      }
    },
    "nixpkgs_2": {
      "locked": {
        "lastModified": 1618072958,
        "narHash": "sha256-QDKj58ECixtb4EJMWV5D5Lb2xdCgab1Opi4zjQWbDOg=",
        "owner": "NixOS",
        "repo": "nixpkgs",
        "rev": "a73020b2a150322c9832b50baeb0296ba3b13dd7",
        "type": "github"
      },
      "original": {
        "id": "nixpkgs",
        "ref": "nixos-unstable",
        "type": "indirect"
      }
    },
    "nixpkgs_3": {
      "locked": {
        "lastModified": 1618072958,
        "narHash": "sha256-QDKj58ECixtb4EJMWV5D5Lb2xdCgab1Opi4zjQWbDOg=",
        "owner": "nixos",
        "repo": "nixpkgs",
        "rev": "a73020b2a150322c9832b50baeb0296ba3b13dd7",
        "type": "github"
      },
      "original": {
        "owner": "nixos",
        "ref": "nixos-unstable",
        "repo": "nixpkgs",
        "type": "github"
      }
    },
    "persway": {
      "inputs": {
        "flake-utils": "flake-utils_2",
        "mozilla": "mozilla",
        "nix-misc": "nix-misc",
        "nixpkgs": [
          "nixpkgs"
        ]
      },
      "locked": {
        "lastModified": 1613600258,
        "narHash": "sha256-a78g0Hw8kDbzCD96UPxAfJ01P/o51GdzVNz7gEggdVI=",
        "owner": "johnae",
        "repo": "persway",
        "rev": "4a661a4fda375fe001508e941fe253e66f0b7abf",
        "type": "github"
      },
      "original": {
        "owner": "johnae",
        "repo": "persway",
        "type": "github"
      }
    },
    "pre-commit-hooks": {
      "flake": false,
      "locked": {
        "lastModified": 1617783930,
        "narHash": "sha256-SigoU2LWM1fMggqfM9H8XEIvjOjBVQ/wj/zrn02J28c=",
        "owner": "cachix",
        "repo": "pre-commit-hooks.nix",
        "rev": "2d169bb1b23f3b71a894a66ea81f45c788943248",
        "type": "github"
      },
      "original": {
        "owner": "cachix",
        "repo": "pre-commit-hooks.nix",
        "type": "github"
      }
    },
    "root": {
      "inputs": {
        "home-manager": "home-manager",
        "impermanence": "impermanence",
        "naersk": "naersk",
        "neovim-nightly": "neovim-nightly",
        "nixos-hardware": "nixos-hardware",
        "nixpkgs": "nixpkgs_2",
        "nixpkgs-unstable": "nixpkgs-unstable",
        "persway": "persway",
        "rust": "rust",
        "wayland": "wayland",
        "zsh-completion-cargo": "zsh-completion-cargo",
        "zsh-completion-git-flow": "zsh-completion-git-flow",
        "zsh-completion-npm": "zsh-completion-npm",
        "zsh-completion-pipenv": "zsh-completion-pipenv",
        "zsh-completion-rake": "zsh-completion-rake",
        "zsh-completion-rustup": "zsh-completion-rustup",
        "zsh-completion-yarn": "zsh-completion-yarn",
        "zsh-histdb": "zsh-histdb",
        "zsh-jq": "zsh-jq",
        "zsh-rbenv": "zsh-rbenv",
        "zsh-tool-forgit": "zsh-tool-forgit"
      }
    },
    "rust": {
      "inputs": {
        "flake-utils": "flake-utils_3",
        "nixpkgs": [
          "nixpkgs"
        ]
      },
      "locked": {
        "lastModified": 1618280690,
        "narHash": "sha256-X9lBD7FxUzmtJ+IE5U9vzQfAzko3fYv1Kn/P11Ju/mY=",
        "owner": "oxalica",
        "repo": "rust-overlay",
        "rev": "ac544844ae6b295c710d628dd2cb2e03be7d7bca",
        "type": "github"
      },
      "original": {
        "owner": "oxalica",
        "repo": "rust-overlay",
        "type": "github"
      }
    },
    "unstableSmall": {
      "locked": {
        "lastModified": 1618300467,
        "narHash": "sha256-w1C67PJuMkeYD42PR2vbbwTBNjEKSYiqkBWRMWkS8JQ=",
        "owner": "nixos",
        "repo": "nixpkgs",
        "rev": "650553aa9b414df79ba2c1358b32f74ba2e49750",
        "type": "github"
      },
      "original": {
        "owner": "nixos",
        "ref": "nixos-unstable-small",
        "repo": "nixpkgs",
        "type": "github"
      }
    },
    "wayland": {
      "inputs": {
        "cachix": "cachix",
        "nixpkgs": "nixpkgs_3",
        "unstableSmall": "unstableSmall"
      },
      "locked": {
        "lastModified": 1618326239,
        "narHash": "sha256-wuUaTNH1QycXc3zenwzxeRf/WQk8GlWlnig3SKtR9Vw=",
        "owner": "colemickens",
        "repo": "nixpkgs-wayland",
        "rev": "38a7dc2eeca6b5f8ed27908fd9376480849e21ed",
        "type": "github"
      },
      "original": {
        "owner": "colemickens",
        "repo": "nixpkgs-wayland",
        "type": "github"
      }
    },
    "zsh-completion-cargo": {
      "flake": false,
      "locked": {
        "lastModified": 1616866289,
        "narHash": "sha256-OAC6wXuZoqVVZITS6ygact/Le4+Ty9sdARh2J3S6d/M=",
        "owner": "MenkeTechnologies",
        "repo": "zsh-cargo-completion",
        "rev": "35a9ca5ff58d228b4a332eb70a31172fc4716b61",
        "type": "github"
      },
      "original": {
        "owner": "MenkeTechnologies",
        "repo": "zsh-cargo-completion",
        "type": "github"
      }
    },
    "zsh-completion-git-flow": {
      "flake": false,
      "locked": {
        "lastModified": 1494070956,
        "narHash": "sha256-F3vtXGB/hCzyh0SWKMAeFy3leEUNrgNDH359pkhdKyc=",
        "owner": "petervanderdoes",
        "repo": "git-flow-completion",
        "rev": "db3c032411c2d6fd897b2bfc52d15a6fc4e3bfa3",
        "type": "github"
      },
      "original": {
        "owner": "petervanderdoes",
        "repo": "git-flow-completion",
        "type": "github"
      }
    },
    "zsh-completion-npm": {
      "flake": false,
      "locked": {
        "lastModified": 1574159288,
        "narHash": "sha256-/rWmwCH3drGhibF44sNtG1aNdSvx1EyDiYmyHGyZ55s=",
        "owner": "lukechilds",
        "repo": "zsh-better-npm-completion",
        "rev": "0a7cf042415324ec38a186fdcbc9af163f0d7e69",
        "type": "github"
      },
      "original": {
        "owner": "lukechilds",
        "repo": "zsh-better-npm-completion",
        "type": "github"
      }
    },
    "zsh-completion-pipenv": {
      "flake": false,
      "locked": {
        "lastModified": 1565703587,
        "narHash": "sha256-Zb4GB015ikfsJOg/W97Po4WHNfxh5+SaIJlkTHXoKYw=",
        "owner": "owenstranathan",
        "repo": "pipenv.zsh",
        "rev": "590764e12c0f48ac09d444d5ba7d72525ffa8d38",
        "type": "github"
      },
      "original": {
        "owner": "owenstranathan",
        "repo": "pipenv.zsh",
        "type": "github"
      }
    },
    "zsh-completion-rake": {
      "flake": false,
      "locked": {
        "lastModified": 1473185228,
        "narHash": "sha256-M7vcO0PIRSXHiHVcpu8JoWyMc7phyktd50VchO2tmLw=",
        "owner": "unixorn",
        "repo": "rake-completion.zshplugin",
        "rev": "e5bc1f36997520b898e1af330893aff6d82c5466",
        "type": "github"
      },
      "original": {
        "owner": "unixorn",
        "repo": "rake-completion.zshplugin",
        "type": "github"
      }
    },
    "zsh-completion-rustup": {
      "flake": false,
      "locked": {
        "lastModified": 1571910838,
        "narHash": "sha256-NmxhDsce6zBEIFRIl1lG7NRyO3iuHK1v6Qa9La4lhAM=",
        "owner": "pkulev",
        "repo": "zsh-rustup-completion",
        "rev": "bce8ad28197e5e34107cfcbd781fe9eafd86feaa",
        "type": "github"
      },
      "original": {
        "owner": "pkulev",
        "repo": "zsh-rustup-completion",
        "type": "github"
      }
    },
    "zsh-completion-yarn": {
      "flake": false,
      "locked": {
        "lastModified": 1600943894,
        "narHash": "sha256-eCTZAEBliBHZT/QfbRuR4qV0UA8Sux1DaDabbG2lkGA=",
        "owner": "g-plane",
        "repo": "zsh-yarn-autocompletions",
        "rev": "a93ccc9baa73b6b518691c740862d3b11b5acdc1",
        "type": "github"
      },
      "original": {
        "owner": "g-plane",
        "repo": "zsh-yarn-autocompletions",
        "type": "github"
      }
    },
    "zsh-histdb": {
      "flake": false,
      "locked": {
        "lastModified": 1614167357,
        "narHash": "sha256-azGuVr9NRTNexJ1FH/AVeo9VdgK+S4NTI59q0HB1S0c=",
        "owner": "larkery",
        "repo": "zsh-histdb",
        "rev": "5d492b4d0e2638588b1520f0ff0d768c729f6565",
        "type": "github"
      },
      "original": {
        "owner": "larkery",
        "repo": "zsh-histdb",
        "type": "github"
      }
    },
    "zsh-jq": {
      "flake": false,
      "locked": {
        "lastModified": 1603096902,
        "narHash": "sha256-l4vmgQu7M/oxGtqK/YqaCEnWQsxLRsRXbCeFeGAuaR0=",
        "owner": "reegnz",
        "repo": "jq-zsh-plugin",
        "rev": "bd2a4aff9eca35c4b3f98d76ac367bd2fd43280a",
        "type": "github"
      },
      "original": {
        "owner": "reegnz",
        "repo": "jq-zsh-plugin",
        "type": "github"
      }
    },
    "zsh-rbenv": {
      "flake": false,
      "locked": {
        "lastModified": 1615932021,
        "narHash": "sha256-VD1mm+TqDZCTSd/FmaeZybf8Hmi15CSU8acL1NxnfIo=",
        "owner": "ELLIOTTCABLE",
        "repo": "rbenv.plugin.zsh",
        "rev": "34da010244e9d046bf5cf4772dccea1b06d7d73d",
        "type": "github"
      },
      "original": {
        "owner": "ELLIOTTCABLE",
        "repo": "rbenv.plugin.zsh",
        "type": "github"
      }
    },
    "zsh-tool-forgit": {
      "flake": false,
      "locked": {
        "lastModified": 1617927750,
        "narHash": "sha256-a7wjuqXe3+y5zlgSLk5J31WoORbieFimvtr0FQHRY5M=",
        "owner": "wfxr",
        "repo": "forgit",
        "rev": "7806fc3ab37ac479c315eb54b164f67ba9ed17ea",
        "type": "github"
      },
      "original": {
        "owner": "wfxr",
        "repo": "forgit",
        "type": "github"
      }
    }
  },
  "root": "root",
  "version": 7
}
