{
  "nodes": {
    "cachix": {
      "locked": {
        "lastModified": 1618358082,
        "narHash": "sha256-4vyEiTcCk7hRigwcRqDAF86YQbUzALUNxyH8SLG4oeo=",
        "owner": "nixos",
        "repo": "nixpkgs",
        "rev": "dec334fa196a4aeedb1b60d8f7d61aa00d327499",
        "type": "github"
      },
      "original": {
        "owner": "nixos",
        "ref": "nixos-20.09",
        "repo": "nixpkgs",
        "type": "github"
      }
    },
    "fenix": {
      "inputs": {
        "naersk": "naersk_2",
        "nixpkgs": [
          "nixpkgs"
        ],
        "rust-analyzer-src": "rust-analyzer-src"
      },
      "locked": {
        "lastModified": 1618281711,
        "narHash": "sha256-1jg3E1S/+yCQJAunMaL3Wi/YfLPwyzv50yjT+j1AidY=",
        "owner": "nix-community",
        "repo": "fenix",
        "rev": "755f253e3a05e2ec9605f457fcd79994cb1484de",
        "type": "github"
      },
      "original": {
        "owner": "nix-community",
        "repo": "fenix",
        "type": "github"
      }
    },
    "flake-compat": {
      "flake": false,
      "locked": {
        "lastModified": 1606424373,
        "narHash": "sha256-oq8d4//CJOrVj+EcOaSXvMebvuTkmBJuT5tzlfewUnQ=",
        "owner": "edolstra",
        "repo": "flake-compat",
        "rev": "99f1c2157fba4bfe6211a321fd0ee43199025dbf",
        "type": "github"
      },
      "original": {
        "owner": "edolstra",
        "repo": "flake-compat",
        "type": "github"
      }
    },
    "flake-utils": {
      "locked": {
        "lastModified": 1618217525,
        "narHash": "sha256-WGrhVczjXTiswQaoxQ+0PTfbLNeOQM6M36zvLn78AYg=",
        "owner": "numtide",
        "repo": "flake-utils",
        "rev": "c6169a2772643c4a93a0b5ac1c61e296cba68544",
        "type": "github"
      },
      "original": {
        "owner": "numtide",
        "repo": "flake-utils",
        "type": "github"
      }
    },
    "flake-utils_2": {
      "locked": {
        "lastModified": 1614513358,
        "narHash": "sha256-LakhOx3S1dRjnh0b5Dg3mbZyH0ToC9I8Y2wKSkBaTzU=",
        "owner": "numtide",
        "repo": "flake-utils",
        "rev": "5466c5bbece17adaab2d82fae80b46e807611bf3",
        "type": "github"
      },
      "original": {
        "owner": "numtide",
        "repo": "flake-utils",
        "type": "github"
      }
    },
    "gitignore": {
      "flake": false,
      "locked": {
        "lastModified": 1611672876,
        "narHash": "sha256-qHu3uZ/o9jBHiA3MEKHJ06k7w4heOhA+4HCSIvflRxo=",
        "owner": "hercules-ci",
        "repo": "gitignore.nix",
        "rev": "211907489e9f198594c0eb0ca9256a1949c9d412",
        "type": "github"
      },
      "original": {
        "owner": "hercules-ci",
        "repo": "gitignore.nix",
        "type": "github"
      }
    },
    "home-manager": {
      "inputs": {
        "nixpkgs": [
          "nixpkgs"
        ]
      },
      "locked": {
        "lastModified": 1618469593,
        "narHash": "sha256-fNdt+Q3irnT3pId7PKSSVeR8/9inBrAEg4gpItoRowU=",
        "owner": "nix-community",
        "repo": "home-manager",
        "rev": "ebbbd4f2b50703409543941e7445138dc1e7392e",
        "type": "github"
      },
      "original": {
        "owner": "nix-community",
        "repo": "home-manager",
        "type": "github"
      }
    },
    "impermanence": {
      "flake": false,
      "locked": {
        "lastModified": 1611747548,
        "narHash": "sha256-2z5wmWda1uI4IkTZrW52jiHq3bzhYLc+GgjvaSd544M=",
        "owner": "nix-community",
        "repo": "impermanence",
        "rev": "58558845bc68dcf2bb32caa80564f7fe3f6cbc61",
        "type": "github"
      },
      "original": {
        "owner": "nix-community",
        "repo": "impermanence",
        "type": "github"
      }
    },
    "naersk": {
      "inputs": {
        "nixpkgs": [
          "nixpkgs"
        ]
      },
      "locked": {
        "lastModified": 1618068541,
        "narHash": "sha256-enxg0QB53Zis0VJWfJsrX7zCjurpi7lW78EKXbJdzpQ=",
        "owner": "nmattia",
        "repo": "naersk",
        "rev": "b3b099d669fc8b18d361c249091c9fe95d57ebbb",
        "type": "github"
      },
      "original": {
        "owner": "nmattia",
        "repo": "naersk",
        "type": "github"
      }
    },
    "naersk_2": {
      "inputs": {
        "nixpkgs": [
          "nixpkgs"
        ]
      },
      "locked": {
        "lastModified": 1618068541,
        "narHash": "sha256-enxg0QB53Zis0VJWfJsrX7zCjurpi7lW78EKXbJdzpQ=",
        "owner": "nmattia",
        "repo": "naersk",
        "rev": "b3b099d669fc8b18d361c249091c9fe95d57ebbb",
        "type": "github"
      },
      "original": {
        "owner": "nmattia",
        "repo": "naersk",
        "type": "github"
      }
    },
    "neovim-nightly": {
      "inputs": {
        "flake-compat": "flake-compat",
        "flake-utils": "flake-utils",
        "gitignore": "gitignore",
        "neovim-nightly": "neovim-nightly_2",
        "nixpkgs": "nixpkgs",
        "pre-commit-hooks": "pre-commit-hooks"
      },
      "locked": {
        "lastModified": 1618474612,
        "narHash": "sha256-znTCK+TLd97MxWf6BEII+A1j4IG0HAUnW5FXCvJ7l70=",
        "owner": "nix-community",
        "repo": "neovim-nightly-overlay",
        "rev": "30877e71b5743d753b1170035a9c5cd9b2ee566f",
        "type": "github"
      },
      "original": {
        "owner": "nix-community",
        "repo": "neovim-nightly-overlay",
        "type": "github"
      }
    },
    "neovim-nightly_2": {
      "flake": false,
      "locked": {
        "lastModified": 1618456941,
        "narHash": "sha256-VvYtcJrHDDP1+rOC9k1eqHV0Pcc/Pu8DPAV6ubCkEps=",
        "owner": "neovim",
        "repo": "neovim",
        "rev": "d19348923e01bdc729fcb513327dd386be1be98e",
        "type": "github"
      },
      "original": {
        "owner": "neovim",
        "repo": "neovim",
        "type": "github"
      }
    },
    "nixos-hardware": {
      "locked": {
        "lastModified": 1618410381,
        "narHash": "sha256-/HMmKDAOTqQ0mlL2xk7wgTmaLqDkZsyXBn/JO2+SQc8=",
        "owner": "nixos",
        "repo": "nixos-hardware",
        "rev": "267d8b2d7f049d2cb9b7f4a7f981c123db19a868",
        "type": "github"
      },
      "original": {
        "owner": "nixos",
        "repo": "nixos-hardware",
        "type": "github"
      }
    },
    "nixpkgs": {
      "locked": {
        "lastModified": 1618306168,
        "narHash": "sha256-/IOtgzdEaiEqRVn6OhpekuYhRHfCm299Bqts5QqQVko=",
        "owner": "nixos",
        "repo": "nixpkgs",
        "rev": "4c87cb87a2db6b9eb43541c1cf83f2a2f725fa25",
        "type": "github"
      },
      "original": {
        "owner": "nixos",
        "ref": "nixpkgs-unstable",
        "repo": "nixpkgs",
        "type": "github"
      }
    },
    "nixpkgs-unstable": {
      "locked": {
        "lastModified": 1618496717,
        "narHash": "sha256-xguxJ6CuOtq3rOABEg0ZwupxVasjwXxXwTiXtK2NLJo=",
        "owner": "NixOS",
        "repo": "nixpkgs",
        "rev": "978fa19ae2541c98e7ca34b5e882149a1cc9d275",
        "type": "github"
      },
      "original": {
        "id": "nixpkgs",
        "ref": "master",
        "type": "indirect"
      }
    },
    "nixpkgs_2": {
      "locked": {
        "lastModified": 1618343055,
        "narHash": "sha256-yux3woyNtMt6ynYRq7+DYe19CC+SoI/LJW+zSJd0UOs=",
        "owner": "NixOS",
        "repo": "nixpkgs",
        "rev": "e019872af81e4013fd518fcacfba74b1de21a50e",
        "type": "github"
      },
      "original": {
        "id": "nixpkgs",
        "ref": "nixos-unstable",
        "type": "indirect"
      }
    },
    "nixpkgs_3": {
      "locked": {
        "lastModified": 1618343055,
        "narHash": "sha256-yux3woyNtMt6ynYRq7+DYe19CC+SoI/LJW+zSJd0UOs=",
        "owner": "nixos",
        "repo": "nixpkgs",
        "rev": "e019872af81e4013fd518fcacfba74b1de21a50e",
        "type": "github"
      },
      "original": {
        "owner": "nixos",
        "ref": "nixos-unstable",
        "repo": "nixpkgs",
        "type": "github"
      }
    },
    "nur": {
      "locked": {
        "lastModified": 1618637574,
        "narHash": "sha256-10khOHN3yBtzw154GGgyA1YBfoI+9jVuxuu7QfDUhL4=",
        "owner": "nix-community",
        "repo": "NUR",
        "rev": "e563af314fdfcc97268485b5bbacd7184c2ab629",
        "type": "github"
      },
      "original": {
        "owner": "nix-community",
        "repo": "NUR",
        "type": "github"
      }
    },
    "persway": {
      "inputs": {
        "fenix": "fenix",
        "nixpkgs": [
          "nixpkgs"
        ]
      },
      "locked": {
        "lastModified": 1618350048,
        "narHash": "sha256-RgRrqqdQSTF8I5GkTOM2Caw9Om3BKVg0IKHZqcKvIJU=",
        "owner": "johnae",
        "repo": "persway",
        "rev": "3908055d2334253d357bb90d9872213dc08fbd20",
        "type": "github"
      },
      "original": {
        "owner": "johnae",
        "repo": "persway",
        "type": "github"
      }
    },
    "pre-commit-hooks": {
      "flake": false,
      "locked": {
        "lastModified": 1617783930,
        "narHash": "sha256-SigoU2LWM1fMggqfM9H8XEIvjOjBVQ/wj/zrn02J28c=",
        "owner": "cachix",
        "repo": "pre-commit-hooks.nix",
        "rev": "2d169bb1b23f3b71a894a66ea81f45c788943248",
        "type": "github"
      },
      "original": {
        "owner": "cachix",
        "repo": "pre-commit-hooks.nix",
        "type": "github"
      }
    },
    "root": {
      "inputs": {
        "home-manager": "home-manager",
        "impermanence": "impermanence",
        "naersk": "naersk",
        "neovim-nightly": "neovim-nightly",
        "nixos-hardware": "nixos-hardware",
        "nixpkgs": "nixpkgs_2",
        "nixpkgs-unstable": "nixpkgs-unstable",
        "nur": "nur",
        "persway": "persway",
        "rust": "rust",
        "wayland": "wayland",
        "zsh-completion-cargo": "zsh-completion-cargo",
        "zsh-completion-git-flow": "zsh-completion-git-flow",
        "zsh-completion-npm": "zsh-completion-npm",
        "zsh-completion-pipenv": "zsh-completion-pipenv",
        "zsh-completion-rake": "zsh-completion-rake",
        "zsh-completion-rustup": "zsh-completion-rustup",
        "zsh-completion-yarn": "zsh-completion-yarn",
        "zsh-histdb": "zsh-histdb",
        "zsh-jq": "zsh-jq",
        "zsh-rbenv": "zsh-rbenv",
        "zsh-tool-forgit": "zsh-tool-forgit"
      }
    },
    "rust": {
      "inputs": {
        "flake-utils": "flake-utils_2",
        "nixpkgs": [
          "nixpkgs"
        ]
      },
      "locked": {
        "lastModified": 1618453257,
        "narHash": "sha256-lt8OEN21Jjtgyqle/i2vJB6NIcdsfMbW5EVbsnkIKHg=",
        "owner": "oxalica",
        "repo": "rust-overlay",
        "rev": "5fe8f7d80f36e5d9d2bf68c18afb3fed4c7935bf",
        "type": "github"
      },
      "original": {
        "owner": "oxalica",
        "repo": "rust-overlay",
        "type": "github"
      }
    },
    "rust-analyzer-src": {
      "flake": false,
      "locked": {
        "lastModified": 1618251983,
        "narHash": "sha256-0VoIqK+Oa4K+N75jD/G+SrZMM68POf/iMzztgw5wmx4=",
        "owner": "rust-analyzer",
        "repo": "rust-analyzer",
        "rev": "27e80e943824855c5913f20a776b3a5fa959e942",
        "type": "github"
      },
      "original": {
        "owner": "rust-analyzer",
        "ref": "nightly",
        "repo": "rust-analyzer",
        "type": "github"
      }
    },
    "unstableSmall": {
      "locked": {
        "lastModified": 1618454446,
        "narHash": "sha256-ber4QhZXHlnXtXyoN5PNh/LzkXg6LqrzxkL7CZ6BSq8=",
        "owner": "nixos",
        "repo": "nixpkgs",
        "rev": "ca373323f1dc92702a606e761b8d58faa9dc610c",
        "type": "github"
      },
      "original": {
        "owner": "nixos",
        "ref": "nixos-unstable-small",
        "repo": "nixpkgs",
        "type": "github"
      }
    },
    "wayland": {
      "inputs": {
        "cachix": "cachix",
        "nixpkgs": "nixpkgs_3",
        "unstableSmall": "unstableSmall"
      },
      "locked": {
        "lastModified": 1618495309,
        "narHash": "sha256-kGfjXlchvXvwvZxfOlDGAK+L1jly1dVJoQ0VRqN7XbM=",
        "owner": "colemickens",
        "repo": "nixpkgs-wayland",
        "rev": "68b1fbe46e4d35bc60b7c621010c67243122289a",
        "type": "github"
      },
      "original": {
        "owner": "colemickens",
        "repo": "nixpkgs-wayland",
        "type": "github"
      }
    },
    "zsh-completion-cargo": {
      "flake": false,
      "locked": {
        "lastModified": 1616866289,
        "narHash": "sha256-OAC6wXuZoqVVZITS6ygact/Le4+Ty9sdARh2J3S6d/M=",
        "owner": "MenkeTechnologies",
        "repo": "zsh-cargo-completion",
        "rev": "35a9ca5ff58d228b4a332eb70a31172fc4716b61",
        "type": "github"
      },
      "original": {
        "owner": "MenkeTechnologies",
        "repo": "zsh-cargo-completion",
        "type": "github"
      }
    },
    "zsh-completion-git-flow": {
      "flake": false,
      "locked": {
        "lastModified": 1494070956,
        "narHash": "sha256-F3vtXGB/hCzyh0SWKMAeFy3leEUNrgNDH359pkhdKyc=",
        "owner": "petervanderdoes",
        "repo": "git-flow-completion",
        "rev": "db3c032411c2d6fd897b2bfc52d15a6fc4e3bfa3",
        "type": "github"
      },
      "original": {
        "owner": "petervanderdoes",
        "repo": "git-flow-completion",
        "type": "github"
      }
    },
    "zsh-completion-npm": {
      "flake": false,
      "locked": {
        "lastModified": 1574159288,
        "narHash": "sha256-/rWmwCH3drGhibF44sNtG1aNdSvx1EyDiYmyHGyZ55s=",
        "owner": "lukechilds",
        "repo": "zsh-better-npm-completion",
        "rev": "0a7cf042415324ec38a186fdcbc9af163f0d7e69",
        "type": "github"
      },
      "original": {
        "owner": "lukechilds",
        "repo": "zsh-better-npm-completion",
        "type": "github"
      }
    },
    "zsh-completion-pipenv": {
      "flake": false,
      "locked": {
        "lastModified": 1565703587,
        "narHash": "sha256-Zb4GB015ikfsJOg/W97Po4WHNfxh5+SaIJlkTHXoKYw=",
        "owner": "owenstranathan",
        "repo": "pipenv.zsh",
        "rev": "590764e12c0f48ac09d444d5ba7d72525ffa8d38",
        "type": "github"
      },
      "original": {
        "owner": "owenstranathan",
        "repo": "pipenv.zsh",
        "type": "github"
      }
    },
    "zsh-completion-rake": {
      "flake": false,
      "locked": {
        "lastModified": 1473185228,
        "narHash": "sha256-M7vcO0PIRSXHiHVcpu8JoWyMc7phyktd50VchO2tmLw=",
        "owner": "unixorn",
        "repo": "rake-completion.zshplugin",
        "rev": "e5bc1f36997520b898e1af330893aff6d82c5466",
        "type": "github"
      },
      "original": {
        "owner": "unixorn",
        "repo": "rake-completion.zshplugin",
        "type": "github"
      }
    },
    "zsh-completion-rustup": {
      "flake": false,
      "locked": {
        "lastModified": 1571910838,
        "narHash": "sha256-NmxhDsce6zBEIFRIl1lG7NRyO3iuHK1v6Qa9La4lhAM=",
        "owner": "pkulev",
        "repo": "zsh-rustup-completion",
        "rev": "bce8ad28197e5e34107cfcbd781fe9eafd86feaa",
        "type": "github"
      },
      "original": {
        "owner": "pkulev",
        "repo": "zsh-rustup-completion",
        "type": "github"
      }
    },
    "zsh-completion-yarn": {
      "flake": false,
      "locked": {
        "lastModified": 1600943894,
        "narHash": "sha256-eCTZAEBliBHZT/QfbRuR4qV0UA8Sux1DaDabbG2lkGA=",
        "owner": "g-plane",
        "repo": "zsh-yarn-autocompletions",
        "rev": "a93ccc9baa73b6b518691c740862d3b11b5acdc1",
        "type": "github"
      },
      "original": {
        "owner": "g-plane",
        "repo": "zsh-yarn-autocompletions",
        "type": "github"
      }
    },
    "zsh-histdb": {
      "flake": false,
      "locked": {
        "lastModified": 1614167357,
        "narHash": "sha256-azGuVr9NRTNexJ1FH/AVeo9VdgK+S4NTI59q0HB1S0c=",
        "owner": "larkery",
        "repo": "zsh-histdb",
        "rev": "5d492b4d0e2638588b1520f0ff0d768c729f6565",
        "type": "github"
      },
      "original": {
        "owner": "larkery",
        "repo": "zsh-histdb",
        "type": "github"
      }
    },
    "zsh-jq": {
      "flake": false,
      "locked": {
        "lastModified": 1603096902,
        "narHash": "sha256-l4vmgQu7M/oxGtqK/YqaCEnWQsxLRsRXbCeFeGAuaR0=",
        "owner": "reegnz",
        "repo": "jq-zsh-plugin",
        "rev": "bd2a4aff9eca35c4b3f98d76ac367bd2fd43280a",
        "type": "github"
      },
      "original": {
        "owner": "reegnz",
        "repo": "jq-zsh-plugin",
        "type": "github"
      }
    },
    "zsh-rbenv": {
      "flake": false,
      "locked": {
        "lastModified": 1615932021,
        "narHash": "sha256-VD1mm+TqDZCTSd/FmaeZybf8Hmi15CSU8acL1NxnfIo=",
        "owner": "ELLIOTTCABLE",
        "repo": "rbenv.plugin.zsh",
        "rev": "34da010244e9d046bf5cf4772dccea1b06d7d73d",
        "type": "github"
      },
      "original": {
        "owner": "ELLIOTTCABLE",
        "repo": "rbenv.plugin.zsh",
        "type": "github"
      }
    },
    "zsh-tool-forgit": {
      "flake": false,
      "locked": {
        "lastModified": 1617927750,
        "narHash": "sha256-a7wjuqXe3+y5zlgSLk5J31WoORbieFimvtr0FQHRY5M=",
        "owner": "wfxr",
        "repo": "forgit",
        "rev": "7806fc3ab37ac479c315eb54b164f67ba9ed17ea",
        "type": "github"
      },
      "original": {
        "owner": "wfxr",
        "repo": "forgit",
        "type": "github"
      }
    }
  },
  "root": "root",
  "version": 7
}
